// !$*UTF8*$!
{
	archiveVersion = 1;
	classes = {
	};
	objectVersion = 56;
	objects = {

/* Begin PBXBuildFile section */
		567A401F290A62A1005DA2F9 /* mySpaceApp.swift in Sources */ = {isa = PBXBuildFile; fileRef = 567A401E290A62A1005DA2F9 /* mySpaceApp.swift */; };
		567A4021290A62A1005DA2F9 /* ContentView.swift in Sources */ = {isa = PBXBuildFile; fileRef = 567A4020290A62A1005DA2F9 /* ContentView.swift */; };
		567A4023290A62A2005DA2F9 /* Assets.xcassets in Resources */ = {isa = PBXBuildFile; fileRef = 567A4022290A62A2005DA2F9 /* Assets.xcassets */; };
		567A4026290A62A2005DA2F9 /* Preview Assets.xcassets in Resources */ = {isa = PBXBuildFile; fileRef = 567A4025290A62A2005DA2F9 /* Preview Assets.xcassets */; };
		567A4030290A62A2005DA2F9 /* mySpaceTests.swift in Sources */ = {isa = PBXBuildFile; fileRef = 567A402F290A62A2005DA2F9 /* mySpaceTests.swift */; };
		567A403A290A62A2005DA2F9 /* mySpaceUITests.swift in Sources */ = {isa = PBXBuildFile; fileRef = 567A4039290A62A2005DA2F9 /* mySpaceUITests.swift */; };
		567A403C290A62A2005DA2F9 /* mySpaceUITestsLaunchTests.swift in Sources */ = {isa = PBXBuildFile; fileRef = 567A403B290A62A2005DA2F9 /* mySpaceUITestsLaunchTests.swift */; };
/* End PBXBuildFile section */

/* Begin PBXContainerItemProxy section */
		567A402C290A62A2005DA2F9 /* PBXContainerItemProxy */ = {
			isa = PBXContainerItemProxy;
			containerPortal = 567A4013290A62A1005DA2F9 /* Project object */;
			proxyType = 1;
			remoteGlobalIDString = 567A401A290A62A1005DA2F9;
			remoteInfo = mySpace;
		};
		567A4036290A62A2005DA2F9 /* PBXContainerItemProxy */ = {
			isa = PBXContainerItemProxy;
			containerPortal = 567A4013290A62A1005DA2F9 /* Project object */;
			proxyType = 1;
			remoteGlobalIDString = 567A401A290A62A1005DA2F9;
			remoteInfo = mySpace;
		};
/* End PBXContainerItemProxy section */

/* Begin PBXFileReference section */
		567A401B290A62A1005DA2F9 /* mySpace.app */ = {isa = PBXFileReference; explicitFileType = wrapper.application; includeInIndex = 0; path = mySpace.app; sourceTree = BUILT_PRODUCTS_DIR; };
		567A401E290A62A1005DA2F9 /* mySpaceApp.swift */ = {isa = PBXFileReference; lastKnownFileType = sourcecode.swift; path = mySpaceApp.swift; sourceTree = "<group>"; };
		567A4020290A62A1005DA2F9 /* ContentView.swift */ = {isa = PBXFileReference; lastKnownFileType = sourcecode.swift; path = ContentView.swift; sourceTree = "<group>"; };
		567A4022290A62A2005DA2F9 /* Assets.xcassets */ = {isa = PBXFileReference; lastKnownFileType = folder.assetcatalog; path = Assets.xcassets; sourceTree = "<group>"; };
		567A4025290A62A2005DA2F9 /* Preview Assets.xcassets */ = {isa = PBXFileReference; lastKnownFileType = folder.assetcatalog; path = "Preview Assets.xcassets"; sourceTree = "<group>"; };
		567A402B290A62A2005DA2F9 /* mySpaceTests.xctest */ = {isa = PBXFileReference; explicitFileType = wrapper.cfbundle; includeInIndex = 0; path = mySpaceTests.xctest; sourceTree = BUILT_PRODUCTS_DIR; };
		567A402F290A62A2005DA2F9 /* mySpaceTests.swift */ = {isa = PBXFileReference; lastKnownFileType = sourcecode.swift; path = mySpaceTests.swift; sourceTree = "<group>"; };
		567A4035290A62A2005DA2F9 /* mySpaceUITests.xctest */ = {isa = PBXFileReference; explicitFileType = wrapper.cfbundle; includeInIndex = 0; path = mySpaceUITests.xctest; sourceTree = BUILT_PRODUCTS_DIR; };
		567A4039290A62A2005DA2F9 /* mySpaceUITests.swift */ = {isa = PBXFileReference; lastKnownFileType = sourcecode.swift; path = mySpaceUITests.swift; sourceTree = "<group>"; };
		567A403B290A62A2005DA2F9 /* mySpaceUITestsLaunchTests.swift */ = {isa = PBXFileReference; lastKnownFileType = sourcecode.swift; path = mySpaceUITestsLaunchTests.swift; sourceTree = "<group>"; };
/* End PBXFileReference section */

/* Begin PBXFrameworksBuildPhase section */
		567A4018290A62A1005DA2F9 /* Frameworks */ = {
			isa = PBXFrameworksBuildPhase;
			buildActionMask = 2147483647;
			files = (
			);
			runOnlyForDeploymentPostprocessing = 0;
		};
		567A4028290A62A2005DA2F9 /* Frameworks */ = {
			isa = PBXFrameworksBuildPhase;
			buildActionMask = 2147483647;
			files = (
			);
			runOnlyForDeploymentPostprocessing = 0;
		};
		567A4032290A62A2005DA2F9 /* Frameworks */ = {
			isa = PBXFrameworksBuildPhase;
			buildActionMask = 2147483647;
			files = (
			);
			runOnlyForDeploymentPostprocessing = 0;
		};
/* End PBXFrameworksBuildPhase section */

/* Begin PBXGroup section */
		567A4012290A62A1005DA2F9 = {
			isa = PBXGroup;
			children = (
				567A401D290A62A1005DA2F9 /* mySpace */,
				567A402E290A62A2005DA2F9 /* mySpaceTests */,
				567A4038290A62A2005DA2F9 /* mySpaceUITests */,
				567A401C290A62A1005DA2F9 /* Products */,
			);
			sourceTree = "<group>";
		};
		567A401C290A62A1005DA2F9 /* Products */ = {
			isa = PBXGroup;
			children = (
				567A401B290A62A1005DA2F9 /* mySpace.app */,
				567A402B290A62A2005DA2F9 /* mySpaceTests.xctest */,
				567A4035290A62A2005DA2F9 /* mySpaceUITests.xctest */,
			);
			name = Products;
			sourceTree = "<group>";
		};
		567A401D290A62A1005DA2F9 /* mySpace */ = {
			isa = PBXGroup;
			children = (
				567A401E290A62A1005DA2F9 /* mySpaceApp.swift */,
				567A4020290A62A1005DA2F9 /* ContentView.swift */,
				567A4022290A62A2005DA2F9 /* Assets.xcassets */,
				567A4024290A62A2005DA2F9 /* Preview Content */,
			);
			path = mySpace;
			sourceTree = "<group>";
		};
		567A4024290A62A2005DA2F9 /* Preview Content */ = {
			isa = PBXGroup;
			children = (
				567A4025290A62A2005DA2F9 /* Preview Assets.xcassets */,
			);
			path = "Preview Content";
			sourceTree = "<group>";
		};
		567A402E290A62A2005DA2F9 /* mySpaceTests */ = {
			isa = PBXGroup;
			children = (
				567A402F290A62A2005DA2F9 /* mySpaceTests.swift */,
			);
			path = mySpaceTests;
			sourceTree = "<group>";
		};
		567A4038290A62A2005DA2F9 /* mySpaceUITests */ = {
			isa = PBXGroup;
			children = (
				567A4039290A62A2005DA2F9 /* mySpaceUITests.swift */,
				567A403B290A62A2005DA2F9 /* mySpaceUITestsLaunchTests.swift */,
			);
			path = mySpaceUITests;
			sourceTree = "<group>";
		};
/* End PBXGroup section */

/* Begin PBXNativeTarget section */
		567A401A290A62A1005DA2F9 /* mySpace */ = {
			isa = PBXNativeTarget;
			buildConfigurationList = 567A403F290A62A2005DA2F9 /* Build configuration list for PBXNativeTarget "mySpace" */;
			buildPhases = (
				567A4017290A62A1005DA2F9 /* Sources */,
				567A4018290A62A1005DA2F9 /* Frameworks */,
				567A4019290A62A1005DA2F9 /* Resources */,
			);
			buildRules = (
			);
			dependencies = (
			);
			name = mySpace;
			productName = mySpace;
			productReference = 567A401B290A62A1005DA2F9 /* mySpace.app */;
			productType = "com.apple.product-type.application";
		};
		567A402A290A62A2005DA2F9 /* mySpaceTests */ = {
			isa = PBXNativeTarget;
			buildConfigurationList = 567A4042290A62A2005DA2F9 /* Build configuration list for PBXNativeTarget "mySpaceTests" */;
			buildPhases = (
				567A4027290A62A2005DA2F9 /* Sources */,
				567A4028290A62A2005DA2F9 /* Frameworks */,
				567A4029290A62A2005DA2F9 /* Resources */,
			);
			buildRules = (
			);
			dependencies = (
				567A402D290A62A2005DA2F9 /* PBXTargetDependency */,
			);
			name = mySpaceTests;
			productName = mySpaceTests;
			productReference = 567A402B290A62A2005DA2F9 /* mySpaceTests.xctest */;
			productType = "com.apple.product-type.bundle.unit-test";
		};
		567A4034290A62A2005DA2F9 /* mySpaceUITests */ = {
			isa = PBXNativeTarget;
			buildConfigurationList = 567A4045290A62A2005DA2F9 /* Build configuration list for PBXNativeTarget "mySpaceUITests" */;
			buildPhases = (
				567A4031290A62A2005DA2F9 /* Sources */,
				567A4032290A62A2005DA2F9 /* Frameworks */,
				567A4033290A62A2005DA2F9 /* Resources */,
			);
			buildRules = (
			);
			dependencies = (
				567A4037290A62A2005DA2F9 /* PBXTargetDependency */,
			);
			name = mySpaceUITests;
			productName = mySpaceUITests;
			productReference = 567A4035290A62A2005DA2F9 /* mySpaceUITests.xctest */;
			productType = "com.apple.product-type.bundle.ui-testing";
		};
/* End PBXNativeTarget section */

/* Begin PBXProject section */
		567A4013290A62A1005DA2F9 /* Project object */ = {
			isa = PBXProject;
			attributes = {
				BuildIndependentTargetsInParallel = 1;
				LastSwiftUpdateCheck = 1400;
				LastUpgradeCheck = 1400;
				TargetAttributes = {
					567A401A290A62A1005DA2F9 = {
						CreatedOnToolsVersion = 14.0.1;
					};
					567A402A290A62A2005DA2F9 = {
						CreatedOnToolsVersion = 14.0.1;
						TestTargetID = 567A401A290A62A1005DA2F9;
					};
					567A4034290A62A2005DA2F9 = {
						CreatedOnToolsVersion = 14.0.1;
						TestTargetID = 567A401A290A62A1005DA2F9;
					};
				};
			};
			buildConfigurationList = 567A4016290A62A1005DA2F9 /* Build configuration list for PBXProject "mySpace" */;
			compatibilityVersion = "Xcode 14.0";
			developmentRegion = en;
			hasScannedForEncodings = 0;
			knownRegions = (
				en,
				Base,
			);
			mainGroup = 567A4012290A62A1005DA2F9;
			productRefGroup = 567A401C290A62A1005DA2F9 /* Products */;
			projectDirPath = "";
			projectRoot = "";
			targets = (
				567A401A290A62A1005DA2F9 /* mySpace */,
				567A402A290A62A2005DA2F9 /* mySpaceTests */,
				567A4034290A62A2005DA2F9 /* mySpaceUITests */,
			);
		};
/* End PBXProject section */

/* Begin PBXResourcesBuildPhase section */
		567A4019290A62A1005DA2F9 /* Resources */ = {
			isa = PBXResourcesBuildPhase;
			buildActionMask = 2147483647;
			files = (
				567A4026290A62A2005DA2F9 /* Preview Assets.xcassets in Resources */,
				567A4023290A62A2005DA2F9 /* Assets.xcassets in Resources */,
			);
			runOnlyForDeploymentPostprocessing = 0;
		};
		567A4029290A62A2005DA2F9 /* Resources */ = {
			isa = PBXResourcesBuildPhase;
			buildActionMask = 2147483647;
			files = (
			);
			runOnlyForDeploymentPostprocessing = 0;
		};
		567A4033290A62A2005DA2F9 /* Resources */ = {
			isa = PBXResourcesBuildPhase;
			buildActionMask = 2147483647;
			files = (
			);
			runOnlyForDeploymentPostprocessing = 0;
		};
/* End PBXResourcesBuildPhase section */

/* Begin PBXSourcesBuildPhase section */
		567A4017290A62A1005DA2F9 /* Sources */ = {
			isa = PBXSourcesBuildPhase;
			buildActionMask = 2147483647;
			files = (
				567A4021290A62A1005DA2F9 /* ContentView.swift in Sources */,
				567A401F290A62A1005DA2F9 /* mySpaceApp.swift in Sources */,
			);
			runOnlyForDeploymentPostprocessing = 0;
		};
		567A4027290A62A2005DA2F9 /* Sources */ = {
			isa = PBXSourcesBuildPhase;
			buildActionMask = 2147483647;
			files = (
				567A4030290A62A2005DA2F9 /* mySpaceTests.swift in Sources */,
			);
			runOnlyForDeploymentPostprocessing = 0;
		};
		567A4031290A62A2005DA2F9 /* Sources */ = {
			isa = PBXSourcesBuildPhase;
			buildActionMask = 2147483647;
			files = (
				567A403A290A62A2005DA2F9 /* mySpaceUITests.swift in Sources */,
				567A403C290A62A2005DA2F9 /* mySpaceUITestsLaunchTests.swift in Sources */,
			);
			runOnlyForDeploymentPostprocessing = 0;
		};
/* End PBXSourcesBuildPhase section */

/* Begin PBXTargetDependency section */
		567A402D290A62A2005DA2F9 /* PBXTargetDependency */ = {
			isa = PBXTargetDependency;
			target = 567A401A290A62A1005DA2F9 /* mySpace */;
			targetProxy = 567A402C290A62A2005DA2F9 /* PBXContainerItemProxy */;
		};
		567A4037290A62A2005DA2F9 /* PBXTargetDependency */ = {
			isa = PBXTargetDependency;
			target = 567A401A290A62A1005DA2F9 /* mySpace */;
			targetProxy = 567A4036290A62A2005DA2F9 /* PBXContainerItemProxy */;
		};
/* End PBXTargetDependency section */

/* Begin XCBuildConfiguration section */
		567A403D290A62A2005DA2F9 /* Debug */ = {
			isa = XCBuildConfiguration;
			buildSettings = {
				ALWAYS_SEARCH_USER_PATHS = NO;
				CLANG_ANALYZER_NONNULL = YES;
				CLANG_ANALYZER_NUMBER_OBJECT_CONVERSION = YES_AGGRESSIVE;
				CLANG_CXX_LANGUAGE_STANDARD = "gnu++20";
				CLANG_ENABLE_MODULES = YES;
				CLANG_ENABLE_OBJC_ARC = YES;
				CLANG_ENABLE_OBJC_WEAK = YES;
				CLANG_WARN_BLOCK_CAPTURE_AUTORELEASING = YES;
				CLANG_WARN_BOOL_CONVERSION = YES;
				CLANG_WARN_COMMA = YES;
				CLANG_WARN_CONSTANT_CONVERSION = YES;
				CLANG_WARN_DEPRECATED_OBJC_IMPLEMENTATIONS = YES;
				CLANG_WARN_DIRECT_OBJC_ISA_USAGE = YES_ERROR;
				CLANG_WARN_DOCUMENTATION_COMMENTS = YES;
				CLANG_WARN_EMPTY_BODY = YES;
				CLANG_WARN_ENUM_CONVERSION = YES;
				CLANG_WARN_INFINITE_RECURSION = YES;
				CLANG_WARN_INT_CONVERSION = YES;
				CLANG_WARN_NON_LITERAL_NULL_CONVERSION = YES;
				CLANG_WARN_OBJC_IMPLICIT_RETAIN_SELF = YES;
				CLANG_WARN_OBJC_LITERAL_CONVERSION = YES;
				CLANG_WARN_OBJC_ROOT_CLASS = YES_ERROR;
				CLANG_WARN_QUOTED_INCLUDE_IN_FRAMEWORK_HEADER = YES;
				CLANG_WARN_RANGE_LOOP_ANALYSIS = YES;
				CLANG_WARN_STRICT_PROTOTYPES = YES;
				CLANG_WARN_SUSPICIOUS_MOVE = YES;
				CLANG_WARN_UNGUARDED_AVAILABILITY = YES_AGGRESSIVE;
				CLANG_WARN_UNREACHABLE_CODE = YES;
				CLANG_WARN__DUPLICATE_METHOD_MATCH = YES;
				COPY_PHASE_STRIP = NO;
				DEBUG_INFORMATION_FORMAT = dwarf;
				ENABLE_STRICT_OBJC_MSGSEND = YES;
				ENABLE_TESTABILITY = YES;
				GCC_C_LANGUAGE_STANDARD = gnu11;
				GCC_DYNAMIC_NO_PIC = NO;
				GCC_NO_COMMON_BLOCKS = YES;
				GCC_OPTIMIZATION_LEVEL = 0;
				GCC_PREPROCESSOR_DEFINITIONS = (
					"DEBUG=1",
					"$(inherited)",
				);
				GCC_WARN_64_TO_32_BIT_CONVERSION = YES;
				GCC_WARN_ABOUT_RETURN_TYPE = YES_ERROR;
				GCC_WARN_UNDECLARED_SELECTOR = YES;
				GCC_WARN_UNINITIALIZED_AUTOS = YES_AGGRESSIVE;
				GCC_WARN_UNUSED_FUNCTION = YES;
				GCC_WARN_UNUSED_VARIABLE = YES;
				IPHONEOS_DEPLOYMENT_TARGET = 16.0;
				MTL_ENABLE_DEBUG_INFO = INCLUDE_SOURCE;
				MTL_FAST_MATH = YES;
				ONLY_ACTIVE_ARCH = YES;
				SDKROOT = iphoneos;
				SWIFT_ACTIVE_COMPILATION_CONDITIONS = DEBUG;
				SWIFT_OPTIMIZATION_LEVEL = "-Onone";
			};
			name = Debug;
		};
		567A403E290A62A2005DA2F9 /* Release */ = {
			isa = XCBuildConfiguration;
			buildSettings = {
				ALWAYS_SEARCH_USER_PATHS = NO;
				CLANG_ANALYZER_NONNULL = YES;
				CLANG_ANALYZER_NUMBER_OBJECT_CONVERSION = YES_AGGRESSIVE;
				CLANG_CXX_LANGUAGE_STANDARD = "gnu++20";
				CLANG_ENABLE_MODULES = YES;
				CLANG_ENABLE_OBJC_ARC = YES;
				CLANG_ENABLE_OBJC_WEAK = YES;
				CLANG_WARN_BLOCK_CAPTURE_AUTORELEASING = YES;
				CLANG_WARN_BOOL_CONVERSION = YES;
				CLANG_WARN_COMMA = YES;
				CLANG_WARN_CONSTANT_CONVERSION = YES;
				CLANG_WARN_DEPRECATED_OBJC_IMPLEMENTATIONS = YES;
				CLANG_WARN_DIRECT_OBJC_ISA_USAGE = YES_ERROR;
				CLANG_WARN_DOCUMENTATION_COMMENTS = YES;
				CLANG_WARN_EMPTY_BODY = YES;
				CLANG_WARN_ENUM_CONVERSION = YES;
				CLANG_WARN_INFINITE_RECURSION = YES;
				CLANG_WARN_INT_CONVERSION = YES;
				CLANG_WARN_NON_LITERAL_NULL_CONVERSION = YES;
				CLANG_WARN_OBJC_IMPLICIT_RETAIN_SELF = YES;
				CLANG_WARN_OBJC_LITERAL_CONVERSION = YES;
				CLANG_WARN_OBJC_ROOT_CLASS = YES_ERROR;
				CLANG_WARN_QUOTED_INCLUDE_IN_FRAMEWORK_HEADER = YES;
				CLANG_WARN_RANGE_LOOP_ANALYSIS = YES;
				CLANG_WARN_STRICT_PROTOTYPES = YES;
				CLANG_WARN_SUSPICIOUS_MOVE = YES;
				CLANG_WARN_UNGUARDED_AVAILABILITY = YES_AGGRESSIVE;
				CLANG_WARN_UNREACHABLE_CODE = YES;
				CLANG_WARN__DUPLICATE_METHOD_MATCH = YES;
				COPY_PHASE_STRIP = NO;
				DEBUG_INFORMATION_FORMAT = "dwarf-with-dsym";
				ENABLE_NS_ASSERTIONS = NO;
				ENABLE_STRICT_OBJC_MSGSEND = YES;
				GCC_C_LANGUAGE_STANDARD = gnu11;
				GCC_NO_COMMON_BLOCKS = YES;
				GCC_WARN_64_TO_32_BIT_CONVERSION = YES;
				GCC_WARN_ABOUT_RETURN_TYPE = YES_ERROR;
				GCC_WARN_UNDECLARED_SELECTOR = YES;
				GCC_WARN_UNINITIALIZED_AUTOS = YES_AGGRESSIVE;
				GCC_WARN_UNUSED_FUNCTION = YES;
				GCC_WARN_UNUSED_VARIABLE = YES;
				IPHONEOS_DEPLOYMENT_TARGET = 16.0;
				MTL_ENABLE_DEBUG_INFO = NO;
				MTL_FAST_MATH = YES;
				SDKROOT = iphoneos;
				SWIFT_COMPILATION_MODE = wholemodule;
				SWIFT_OPTIMIZATION_LEVEL = "-O";
				VALIDATE_PRODUCT = YES;
			};
			name = Release;
		};
		567A4040290A62A2005DA2F9 /* Debug */ = {
			isa = XCBuildConfiguration;
			buildSettings = {
				ASSETCATALOG_COMPILER_APPICON_NAME = AppIcon;
				ASSETCATALOG_COMPILER_GLOBAL_ACCENT_COLOR_NAME = AccentColor;
				CODE_SIGN_STYLE = Automatic;
				CURRENT_PROJECT_VERSION = 1;
				DEVELOPMENT_ASSET_PATHS = "\"mySpace/Preview Content\"";
				ENABLE_PREVIEWS = YES;
				GENERATE_INFOPLIST_FILE = YES;
				INFOPLIST_KEY_UIApplicationSceneManifest_Generation = YES;
				INFOPLIST_KEY_UIApplicationSupportsIndirectInputEvents = YES;
				INFOPLIST_KEY_UILaunchScreen_Generation = YES;
				INFOPLIST_KEY_UISupportedInterfaceOrientations_iPad = "UIInterfaceOrientationPortrait UIInterfaceOrientationPortraitUpsideDown UIInterfaceOrientationLandscapeLeft UIInterfaceOrientationLandscapeRight";
				INFOPLIST_KEY_UISupportedInterfaceOrientations_iPhone = "UIInterfaceOrientationPortrait UIInterfaceOrientationLandscapeLeft UIInterfaceOrientationLandscapeRight";
				LD_RUNPATH_SEARCH_PATHS = (
					"$(inherited)",
					"@executable_path/Frameworks",
				);
				MARKETING_VERSION = 1.0;
				PRODUCT_BUNDLE_IDENTIFIER = me.mySpace;
				PRODUCT_NAME = "$(TARGET_NAME)";
				SWIFT_EMIT_LOC_STRINGS = YES;
				SWIFT_VERSION = 5.0;
				TARGETED_DEVICE_FAMILY = "1,2";
			};
			name = Debug;
		};
		567A4041290A62A2005DA2F9 /* Release */ = {
			isa = XCBuildConfiguration;
			buildSettings = {
				ASSETCATALOG_COMPILER_APPICON_NAME = AppIcon;
				ASSETCATALOG_COMPILER_GLOBAL_ACCENT_COLOR_NAME = AccentColor;
				CODE_SIGN_STYLE = Automatic;
				CURRENT_PROJECT_VERSION = 1;
				DEVELOPMENT_ASSET_PATHS = "\"mySpace/Preview Content\"";
				ENABLE_PREVIEWS = YES;
				GENERATE_INFOPLIST_FILE = YES;
				INFOPLIST_KEY_UIApplicationSceneManifest_Generation = YES;
				INFOPLIST_KEY_UIApplicationSupportsIndirectInputEvents = YES;
				INFOPLIST_KEY_UILaunchScreen_Generation = YES;
				INFOPLIST_KEY_UISupportedInterfaceOrientations_iPad = "UIInterfaceOrientationPortrait UIInterfaceOrientationPortraitUpsideDown UIInterfaceOrientationLandscapeLeft UIInterfaceOrientationLandscapeRight";
				INFOPLIST_KEY_UISupportedInterfaceOrientations_iPhone = "UIInterfaceOrientationPortrait UIInterfaceOrientationLandscapeLeft UIInterfaceOrientationLandscapeRight";
				LD_RUNPATH_SEARCH_PATHS = (
					"$(inherited)",
					"@executable_path/Frameworks",
				);
				MARKETING_VERSION = 1.0;
				PRODUCT_BUNDLE_IDENTIFIER = me.mySpace;
				PRODUCT_NAME = "$(TARGET_NAME)";
				SWIFT_EMIT_LOC_STRINGS = YES;
				SWIFT_VERSION = 5.0;
				TARGETED_DEVICE_FAMILY = "1,2";
			};
			name = Release;
		};
		567A4043290A62A2005DA2F9 /* Debug */ = {
			isa = XCBuildConfiguration;
			buildSettings = {
				ALWAYS_EMBED_SWIFT_STANDARD_LIBRARIES = YES;
				BUNDLE_LOADER = "$(TEST_HOST)";
				CODE_SIGN_STYLE = Automatic;
				CURRENT_PROJECT_VERSION = 1;
				GENERATE_INFOPLIST_FILE = YES;
				IPHONEOS_DEPLOYMENT_TARGET = 16.0;
				MARKETING_VERSION = 1.0;
				PRODUCT_BUNDLE_IDENTIFIER = me.mySpaceTests;
				PRODUCT_NAME = "$(TARGET_NAME)";
				SWIFT_EMIT_LOC_STRINGS = NO;
				SWIFT_VERSION = 5.0;
				TARGETED_DEVICE_FAMILY = "1,2";
				TEST_HOST = "$(BUILT_PRODUCTS_DIR)/mySpace.app/$(BUNDLE_EXECUTABLE_FOLDER_PATH)/mySpace";
			};
			name = Debug;
		};
		567A4044290A62A2005DA2F9 /* Release */ = {
			isa = XCBuildConfiguration;
			buildSettings = {
				ALWAYS_EMBED_SWIFT_STANDARD_LIBRARIES = YES;
				BUNDLE_LOADER = "$(TEST_HOST)";
				CODE_SIGN_STYLE = Automatic;
				CURRENT_PROJECT_VERSION = 1;
				GENERATE_INFOPLIST_FILE = YES;
				IPHONEOS_DEPLOYMENT_TARGET = 16.0;
				MARKETING_VERSION = 1.0;
				PRODUCT_BUNDLE_IDENTIFIER = me.mySpaceTests;
				PRODUCT_NAME = "$(TARGET_NAME)";
				SWIFT_EMIT_LOC_STRINGS = NO;
				SWIFT_VERSION = 5.0;
				TARGETED_DEVICE_FAMILY = "1,2";
				TEST_HOST = "$(BUILT_PRODUCTS_DIR)/mySpace.app/$(BUNDLE_EXECUTABLE_FOLDER_PATH)/mySpace";
			};
			name = Release;
		};
		567A4046290A62A2005DA2F9 /* Debug */ = {
			isa = XCBuildConfiguration;
			buildSettings = {
				ALWAYS_EMBED_SWIFT_STANDARD_LIBRARIES = YES;
				CODE_SIGN_STYLE = Automatic;
				CURRENT_PROJECT_VERSION = 1;
				GENERATE_INFOPLIST_FILE = YES;
				MARKETING_VERSION = 1.0;
				PRODUCT_BUNDLE_IDENTIFIER = me.mySpaceUITests;
				PRODUCT_NAME = "$(TARGET_NAME)";
				SWIFT_EMIT_LOC_STRINGS = NO;
				SWIFT_VERSION = 5.0;
				TARGETED_DEVICE_FAMILY = "1,2";
				TEST_TARGET_NAME = mySpace;
			};
			name = Debug;
		};
		567A4047290A62A2005DA2F9 /* Release */ = {
			isa = XCBuildConfiguration;
			buildSettings = {
				ALWAYS_EMBED_SWIFT_STANDARD_LIBRARIES = YES;
				CODE_SIGN_STYLE = Automatic;
				CURRENT_PROJECT_VERSION = 1;
				GENERATE_INFOPLIST_FILE = YES;
				MARKETING_VERSION = 1.0;
				PRODUCT_BUNDLE_IDENTIFIER = me.mySpaceUITests;
				PRODUCT_NAME = "$(TARGET_NAME)";
				SWIFT_EMIT_LOC_STRINGS = NO;
				SWIFT_VERSION = 5.0;
				TARGETED_DEVICE_FAMILY = "1,2";
				TEST_TARGET_NAME = mySpace;
			};
			name = Release;
		};
/* End XCBuildConfiguration section */

/* Begin XCConfigurationList section */
		567A4016290A62A1005DA2F9 /* Build configuration list for PBXProject "mySpace" */ = {
			isa = XCConfigurationList;
			buildConfigurations = (
				567A403D290A62A2005DA2F9 /* Debug */,
				567A403E290A62A2005DA2F9 /* Release */,
			);
			defaultConfigurationIsVisible = 0;
			defaultConfigurationName = Release;
		};
		567A403F290A62A2005DA2F9 /* Build configuration list for PBXNativeTarget "mySpace" */ = {
			isa = XCConfigurationList;
			buildConfigurations = (
				567A4040290A62A2005DA2F9 /* Debug */,
				567A4041290A62A2005DA2F9 /* Release */,
			);
			defaultConfigurationIsVisible = 0;
			defaultConfigurationName = Release;
		};
		567A4042290A62A2005DA2F9 /* Build configuration list for PBXNativeTarget "mySpaceTests" */ = {
			isa = XCConfigurationList;
			buildConfigurations = (
				567A4043290A62A2005DA2F9 /* Debug */,
				567A4044290A62A2005DA2F9 /* Release */,
			);
			defaultConfigurationIsVisible = 0;
			defaultConfigurationName = Release;
		};
		567A4045290A62A2005DA2F9 /* Build configuration list for PBXNativeTarget "mySpaceUITests" */ = {
			isa = XCConfigurationList;
			buildConfigurations = (
				567A4046290A62A2005DA2F9 /* Debug */,
				567A4047290A62A2005DA2F9 /* Release */,
			);
			defaultConfigurationIsVisible = 0;
			defaultConfigurationName = Release;
		};
/* End XCConfigurationList section */
	};
	rootObject = 567A4013290A62A1005DA2F9 /* Project object */;
}
